
Microsoft Visual Studio Solution File, Format Version 12.00
# Visual Studio Version 16
VisualStudioVersion = 16.0.28922.388
MinimumVisualStudioVersion = 10.0.40219.1
Project("{FAE04EC0-301F-11D3-BF4B-00C04F79EFBC}") = "Hospital", "Hospital.csproj", "{BE7ED999-6692-42C6-A797-19BF0396D3E7}"
EndProject
Global
	GlobalSection(SolutionConfigurationPlatforms) = preSolution
		Debug|Any CPU = Debug|Any CPU
		Release|Any CPU = Release|Any CPU
	EndGlobalSection
	GlobalSection(ProjectConfigurationPlatforms) = postSolution
		{BE7ED999-6692-42C6-A797-19BF0396D3E7}.Debug|Any CPU.ActiveCfg = Debug|Any CPU
		{BE7ED999-6692-42C6-A797-19BF0396D3E7}.Debug|Any CPU.Build.0 = Debug|Any CPU
		{BE7ED999-6692-42C6-A797-19BF0396D3E7}.Release|Any CPU.ActiveCfg = Release|Any CPU
		{BE7ED999-6692-42C6-A797-19BF0396D3E7}.Release|Any CPU.Build.0 = Release|Any CPU
	EndGlobalSection
	GlobalSection(SolutionProperties) = preSolution
		HideSolutionNode = FALSE
	EndGlobalSection
	GlobalSection(ExtensibilityGlobals) = postSolution
		SolutionGuid = {DB5CE229-5DDA-4B72-977C-BB8D2E649CB6}
	EndGlobalSection
EndGlobal
